
Microsoft Visual Studio Solution File, Format Version 12.00
# Visual Studio Version 16
VisualStudioVersion = 16.0.28803.202
MinimumVisualStudioVersion = 10.0.40219.1
Project("{FAE04EC0-301F-11D3-BF4B-00C04F79EFBC}") = "OOPcar", "OOPcar\OOPcar.csproj", "{0C77FEAD-2868-4F04-8CA2-C6176CCBBD9E}"
EndProject
Project("{FAE04EC0-301F-11D3-BF4B-00C04F79EFBC}") = "ObjectsFromFile", "ObjectsFromFile\ObjectsFromFile.csproj", "{5A1E1F29-B361-4943-B25F-8B9AD00D2547}"
EndProject
Global
	GlobalSection(SolutionConfigurationPlatforms) = preSolution
		Debug|Any CPU = Debug|Any CPU
		Release|Any CPU = Release|Any CPU
	EndGlobalSection
	GlobalSection(ProjectConfigurationPlatforms) = postSolution
		{0C77FEAD-2868-4F04-8CA2-C6176CCBBD9E}.Debug|Any CPU.ActiveCfg = Debug|Any CPU
		{0C77FEAD-2868-4F04-8CA2-C6176CCBBD9E}.Debug|Any CPU.Build.0 = Debug|Any CPU
		{0C77FEAD-2868-4F04-8CA2-C6176CCBBD9E}.Release|Any CPU.ActiveCfg = Release|Any CPU
		{0C77FEAD-2868-4F04-8CA2-C6176CCBBD9E}.Release|Any CPU.Build.0 = Release|Any CPU
		{5A1E1F29-B361-4943-B25F-8B9AD00D2547}.Debug|Any CPU.ActiveCfg = Debug|Any CPU
		{5A1E1F29-B361-4943-B25F-8B9AD00D2547}.Debug|Any CPU.Build.0 = Debug|Any CPU
		{5A1E1F29-B361-4943-B25F-8B9AD00D2547}.Release|Any CPU.ActiveCfg = Release|Any CPU
		{5A1E1F29-B361-4943-B25F-8B9AD00D2547}.Release|Any CPU.Build.0 = Release|Any CPU
	EndGlobalSection
	GlobalSection(SolutionProperties) = preSolution
		HideSolutionNode = FALSE
	EndGlobalSection
	GlobalSection(ExtensibilityGlobals) = postSolution
		SolutionGuid = {A203DD31-9893-4EDC-BDE9-D6F164DF5F1F}
	EndGlobalSection
EndGlobal
